
Microsoft Visual Studio Solution File, Format Version 12.00
# Visual Studio Version 17
VisualStudioVersion = 17.11.35327.3
MinimumVisualStudioVersion = 10.0.40219.1
Project("{FAE04EC0-301F-11D3-BF4B-00C04F79EFBC}") = "Ucak_bilet_Rez_AI", "Ucak_bilet_Rez_AI\Ucak_bilet_Rez_AI.csproj", "{7727FC5A-2EDB-49C8-A7A7-1BC06787EBB9}"
EndProject
Global
	GlobalSection(SolutionConfigurationPlatforms) = preSolution
		Debug|Any CPU = Debug|Any CPU
		Release|Any CPU = Release|Any CPU
	EndGlobalSection
	GlobalSection(ProjectConfigurationPlatforms) = postSolution
		{7727FC5A-2EDB-49C8-A7A7-1BC06787EBB9}.Debug|Any CPU.ActiveCfg = Debug|Any CPU
		{7727FC5A-2EDB-49C8-A7A7-1BC06787EBB9}.Debug|Any CPU.Build.0 = Debug|Any CPU
		{7727FC5A-2EDB-49C8-A7A7-1BC06787EBB9}.Release|Any CPU.ActiveCfg = Release|Any CPU
		{7727FC5A-2EDB-49C8-A7A7-1BC06787EBB9}.Release|Any CPU.Build.0 = Release|Any CPU
	EndGlobalSection
	GlobalSection(SolutionProperties) = preSolution
		HideSolutionNode = FALSE
	EndGlobalSection
	GlobalSection(ExtensibilityGlobals) = postSolution
		SolutionGuid = {A5214C99-1FBB-4B15-8812-9CDCC90DC266}
	EndGlobalSection
EndGlobal
